// !$*UTF8*$!
{
	archiveVersion = 1;
	classes = {
	};
	objectVersion = 50;
	objects = {

/* Begin PBXBuildFile section */
		2FC3F1F5268BF9FB0075B9D3 /* AppDelegate.swift in Sources */ = {isa = PBXBuildFile; fileRef = 2FC3F1F4268BF9FB0075B9D3 /* AppDelegate.swift */; };
		2FC3F1F7268BF9FB0075B9D3 /* SceneDelegate.swift in Sources */ = {isa = PBXBuildFile; fileRef = 2FC3F1F6268BF9FB0075B9D3 /* SceneDelegate.swift */; };
		2FC3F1FC268BF9FB0075B9D3 /* Main.storyboard in Resources */ = {isa = PBXBuildFile; fileRef = 2FC3F1FA268BF9FB0075B9D3 /* Main.storyboard */; };
		2FC3F1FE268BFA000075B9D3 /* Assets.xcassets in Resources */ = {isa = PBXBuildFile; fileRef = 2FC3F1FD268BFA000075B9D3 /* Assets.xcassets */; };
		2FC3F201268BFA000075B9D3 /* LaunchScreen.storyboard in Resources */ = {isa = PBXBuildFile; fileRef = 2FC3F1FF268BFA000075B9D3 /* LaunchScreen.storyboard */; };
		2FC3F20C268BFA000075B9D3 /* newsappTests.swift in Sources */ = {isa = PBXBuildFile; fileRef = 2FC3F20B268BFA000075B9D3 /* newsappTests.swift */; };
		2FC3F217268BFA000075B9D3 /* newsappUITests.swift in Sources */ = {isa = PBXBuildFile; fileRef = 2FC3F216268BFA000075B9D3 /* newsappUITests.swift */; };
		D0523279268F761000E2BB38 /* NewsListTableViewController.swift in Sources */ = {isa = PBXBuildFile; fileRef = D0523278268F761000E2BB38 /* NewsListTableViewController.swift */; };
		D052327C268F7B8700E2BB38 /* WebService.swift in Sources */ = {isa = PBXBuildFile; fileRef = D052327B268F7B8700E2BB38 /* WebService.swift */; };
		D052327E268F800C00E2BB38 /* Article.swift in Sources */ = {isa = PBXBuildFile; fileRef = D052327D268F800C00E2BB38 /* Article.swift */; };
		D0523280268F88BB00E2BB38 /* ArticleViewModel.swift in Sources */ = {isa = PBXBuildFile; fileRef = D052327F268F88BB00E2BB38 /* ArticleViewModel.swift */; };
		D0523283268F96FA00E2BB38 /* ArticleTableViewCell.swift in Sources */ = {isa = PBXBuildFile; fileRef = D0523282268F96FA00E2BB38 /* ArticleTableViewCell.swift */; };
/* End PBXBuildFile section */

/* Begin PBXContainerItemProxy section */
		2FC3F208268BFA000075B9D3 /* PBXContainerItemProxy */ = {
			isa = PBXContainerItemProxy;
			containerPortal = 2FC3F1E9268BF9FB0075B9D3 /* Project object */;
			proxyType = 1;
			remoteGlobalIDString = 2FC3F1F0268BF9FB0075B9D3;
			remoteInfo = newsapp;
		};
		2FC3F213268BFA000075B9D3 /* PBXContainerItemProxy */ = {
			isa = PBXContainerItemProxy;
			containerPortal = 2FC3F1E9268BF9FB0075B9D3 /* Project object */;
			proxyType = 1;
			remoteGlobalIDString = 2FC3F1F0268BF9FB0075B9D3;
			remoteInfo = newsapp;
		};
/* End PBXContainerItemProxy section */

/* Begin PBXFileReference section */
		2FC3F1F1268BF9FB0075B9D3 /* newsapp.app */ = {isa = PBXFileReference; explicitFileType = wrapper.application; includeInIndex = 0; path = newsapp.app; sourceTree = BUILT_PRODUCTS_DIR; };
		2FC3F1F4268BF9FB0075B9D3 /* AppDelegate.swift */ = {isa = PBXFileReference; lastKnownFileType = sourcecode.swift; path = AppDelegate.swift; sourceTree = "<group>"; };
		2FC3F1F6268BF9FB0075B9D3 /* SceneDelegate.swift */ = {isa = PBXFileReference; lastKnownFileType = sourcecode.swift; path = SceneDelegate.swift; sourceTree = "<group>"; };
		2FC3F1FB268BF9FB0075B9D3 /* Base */ = {isa = PBXFileReference; lastKnownFileType = file.storyboard; name = Base; path = Base.lproj/Main.storyboard; sourceTree = "<group>"; };
		2FC3F1FD268BFA000075B9D3 /* Assets.xcassets */ = {isa = PBXFileReference; lastKnownFileType = folder.assetcatalog; path = Assets.xcassets; sourceTree = "<group>"; };
		2FC3F200268BFA000075B9D3 /* Base */ = {isa = PBXFileReference; lastKnownFileType = file.storyboard; name = Base; path = Base.lproj/LaunchScreen.storyboard; sourceTree = "<group>"; };
		2FC3F202268BFA000075B9D3 /* Info.plist */ = {isa = PBXFileReference; lastKnownFileType = text.plist.xml; path = Info.plist; sourceTree = "<group>"; };
		2FC3F207268BFA000075B9D3 /* newsappTests.xctest */ = {isa = PBXFileReference; explicitFileType = wrapper.cfbundle; includeInIndex = 0; path = newsappTests.xctest; sourceTree = BUILT_PRODUCTS_DIR; };
		2FC3F20B268BFA000075B9D3 /* newsappTests.swift */ = {isa = PBXFileReference; lastKnownFileType = sourcecode.swift; path = newsappTests.swift; sourceTree = "<group>"; };
		2FC3F20D268BFA000075B9D3 /* Info.plist */ = {isa = PBXFileReference; lastKnownFileType = text.plist.xml; path = Info.plist; sourceTree = "<group>"; };
		2FC3F212268BFA000075B9D3 /* newsappUITests.xctest */ = {isa = PBXFileReference; explicitFileType = wrapper.cfbundle; includeInIndex = 0; path = newsappUITests.xctest; sourceTree = BUILT_PRODUCTS_DIR; };
		2FC3F216268BFA000075B9D3 /* newsappUITests.swift */ = {isa = PBXFileReference; lastKnownFileType = sourcecode.swift; path = newsappUITests.swift; sourceTree = "<group>"; };
		2FC3F218268BFA000075B9D3 /* Info.plist */ = {isa = PBXFileReference; lastKnownFileType = text.plist.xml; path = Info.plist; sourceTree = "<group>"; };
		D0523278268F761000E2BB38 /* NewsListTableViewController.swift */ = {isa = PBXFileReference; lastKnownFileType = sourcecode.swift; path = NewsListTableViewController.swift; sourceTree = "<group>"; };
		D052327B268F7B8700E2BB38 /* WebService.swift */ = {isa = PBXFileReference; lastKnownFileType = sourcecode.swift; path = WebService.swift; sourceTree = "<group>"; };
		D052327D268F800C00E2BB38 /* Article.swift */ = {isa = PBXFileReference; lastKnownFileType = sourcecode.swift; path = Article.swift; sourceTree = "<group>"; };
		D052327F268F88BB00E2BB38 /* ArticleViewModel.swift */ = {isa = PBXFileReference; lastKnownFileType = sourcecode.swift; path = ArticleViewModel.swift; sourceTree = "<group>"; };
		D0523282268F96FA00E2BB38 /* ArticleTableViewCell.swift */ = {isa = PBXFileReference; lastKnownFileType = sourcecode.swift; path = ArticleTableViewCell.swift; sourceTree = "<group>"; };
/* End PBXFileReference section */

/* Begin PBXFrameworksBuildPhase section */
		2FC3F1EE268BF9FB0075B9D3 /* Frameworks */ = {
			isa = PBXFrameworksBuildPhase;
			buildActionMask = 2147483647;
			files = (
			);
			runOnlyForDeploymentPostprocessing = 0;
		};
		2FC3F204268BFA000075B9D3 /* Frameworks */ = {
			isa = PBXFrameworksBuildPhase;
			buildActionMask = 2147483647;
			files = (
			);
			runOnlyForDeploymentPostprocessing = 0;
		};
		2FC3F20F268BFA000075B9D3 /* Frameworks */ = {
			isa = PBXFrameworksBuildPhase;
			buildActionMask = 2147483647;
			files = (
			);
			runOnlyForDeploymentPostprocessing = 0;
		};
/* End PBXFrameworksBuildPhase section */

/* Begin PBXGroup section */
		2FC3F1E8268BF9FB0075B9D3 = {
			isa = PBXGroup;
			children = (
				2FC3F1F3268BF9FB0075B9D3 /* newsapp */,
				2FC3F20A268BFA000075B9D3 /* newsappTests */,
				2FC3F215268BFA000075B9D3 /* newsappUITests */,
				2FC3F1F2268BF9FB0075B9D3 /* Products */,
			);
			sourceTree = "<group>";
		};
		2FC3F1F2268BF9FB0075B9D3 /* Products */ = {
			isa = PBXGroup;
			children = (
				2FC3F1F1268BF9FB0075B9D3 /* newsapp.app */,
				2FC3F207268BFA000075B9D3 /* newsappTests.xctest */,
				2FC3F212268BFA000075B9D3 /* newsappUITests.xctest */,
			);
			name = Products;
			sourceTree = "<group>";
		};
		2FC3F1F3268BF9FB0075B9D3 /* newsapp */ = {
			isa = PBXGroup;
			children = (
				D0523281268F96E500E2BB38 /* Cells */,
				D052327A268F7B6400E2BB38 /* Services */,
				D0523277268F754300E2BB38 /* Controllers */,
				D0523276268F753D00E2BB38 /* View */,
				D0523275268F753400E2BB38 /* ViewModel */,
				D0523274268F752700E2BB38 /* Model */,
				2FC3F1F4268BF9FB0075B9D3 /* AppDelegate.swift */,
				2FC3F1F6268BF9FB0075B9D3 /* SceneDelegate.swift */,
				2FC3F1FD268BFA000075B9D3 /* Assets.xcassets */,
				2FC3F202268BFA000075B9D3 /* Info.plist */,
			);
			path = newsapp;
			sourceTree = "<group>";
		};
		2FC3F20A268BFA000075B9D3 /* newsappTests */ = {
			isa = PBXGroup;
			children = (
				2FC3F20B268BFA000075B9D3 /* newsappTests.swift */,
				2FC3F20D268BFA000075B9D3 /* Info.plist */,
			);
			path = newsappTests;
			sourceTree = "<group>";
		};
		2FC3F215268BFA000075B9D3 /* newsappUITests */ = {
			isa = PBXGroup;
			children = (
				2FC3F216268BFA000075B9D3 /* newsappUITests.swift */,
				2FC3F218268BFA000075B9D3 /* Info.plist */,
			);
			path = newsappUITests;
			sourceTree = "<group>";
		};
		D0523274268F752700E2BB38 /* Model */ = {
			isa = PBXGroup;
			children = (
				D052327D268F800C00E2BB38 /* Article.swift */,
			);
			path = Model;
			sourceTree = "<group>";
		};
		D0523275268F753400E2BB38 /* ViewModel */ = {
			isa = PBXGroup;
			children = (
				D052327F268F88BB00E2BB38 /* ArticleViewModel.swift */,
			);
			path = ViewModel;
			sourceTree = "<group>";
		};
		D0523276268F753D00E2BB38 /* View */ = {
			isa = PBXGroup;
			children = (
				2FC3F1FF268BFA000075B9D3 /* LaunchScreen.storyboard */,
				2FC3F1FA268BF9FB0075B9D3 /* Main.storyboard */,
			);
			path = View;
			sourceTree = "<group>";
		};
		D0523277268F754300E2BB38 /* Controllers */ = {
			isa = PBXGroup;
			children = (
				D0523278268F761000E2BB38 /* NewsListTableViewController.swift */,
			);
			path = Controllers;
			sourceTree = "<group>";
		};
		D052327A268F7B6400E2BB38 /* Services */ = {
			isa = PBXGroup;
			children = (
				D052327B268F7B8700E2BB38 /* WebService.swift */,
			);
			path = Services;
			sourceTree = "<group>";
		};
		D0523281268F96E500E2BB38 /* Cells */ = {
			isa = PBXGroup;
			children = (
				D0523282268F96FA00E2BB38 /* ArticleTableViewCell.swift */,
			);
			path = Cells;
			sourceTree = "<group>";
		};
/* End PBXGroup section */

/* Begin PBXNativeTarget section */
		2FC3F1F0268BF9FB0075B9D3 /* newsapp */ = {
			isa = PBXNativeTarget;
			buildConfigurationList = 2FC3F21B268BFA000075B9D3 /* Build configuration list for PBXNativeTarget "newsapp" */;
			buildPhases = (
				2FC3F1ED268BF9FB0075B9D3 /* Sources */,
				2FC3F1EE268BF9FB0075B9D3 /* Frameworks */,
				2FC3F1EF268BF9FB0075B9D3 /* Resources */,
			);
			buildRules = (
			);
			dependencies = (
			);
			name = newsapp;
			productName = newsapp;
			productReference = 2FC3F1F1268BF9FB0075B9D3 /* newsapp.app */;
			productType = "com.apple.product-type.application";
		};
		2FC3F206268BFA000075B9D3 /* newsappTests */ = {
			isa = PBXNativeTarget;
			buildConfigurationList = 2FC3F21E268BFA000075B9D3 /* Build configuration list for PBXNativeTarget "newsappTests" */;
			buildPhases = (
				2FC3F203268BFA000075B9D3 /* Sources */,
				2FC3F204268BFA000075B9D3 /* Frameworks */,
				2FC3F205268BFA000075B9D3 /* Resources */,
			);
			buildRules = (
			);
			dependencies = (
				2FC3F209268BFA000075B9D3 /* PBXTargetDependency */,
			);
			name = newsappTests;
			productName = newsappTests;
			productReference = 2FC3F207268BFA000075B9D3 /* newsappTests.xctest */;
			productType = "com.apple.product-type.bundle.unit-test";
		};
		2FC3F211268BFA000075B9D3 /* newsappUITests */ = {
			isa = PBXNativeTarget;
			buildConfigurationList = 2FC3F221268BFA000075B9D3 /* Build configuration list for PBXNativeTarget "newsappUITests" */;
			buildPhases = (
				2FC3F20E268BFA000075B9D3 /* Sources */,
				2FC3F20F268BFA000075B9D3 /* Frameworks */,
				2FC3F210268BFA000075B9D3 /* Resources */,
			);
			buildRules = (
			);
			dependencies = (
				2FC3F214268BFA000075B9D3 /* PBXTargetDependency */,
			);
			name = newsappUITests;
			productName = newsappUITests;
			productReference = 2FC3F212268BFA000075B9D3 /* newsappUITests.xctest */;
			productType = "com.apple.product-type.bundle.ui-testing";
		};
/* End PBXNativeTarget section */

/* Begin PBXProject section */
		2FC3F1E9268BF9FB0075B9D3 /* Project object */ = {
			isa = PBXProject;
			attributes = {
				LastSwiftUpdateCheck = 1250;
				LastUpgradeCheck = 1250;
				TargetAttributes = {
					2FC3F1F0268BF9FB0075B9D3 = {
						CreatedOnToolsVersion = 12.5.1;
					};
					2FC3F206268BFA000075B9D3 = {
						CreatedOnToolsVersion = 12.5.1;
						TestTargetID = 2FC3F1F0268BF9FB0075B9D3;
					};
					2FC3F211268BFA000075B9D3 = {
						CreatedOnToolsVersion = 12.5.1;
						TestTargetID = 2FC3F1F0268BF9FB0075B9D3;
					};
				};
			};
			buildConfigurationList = 2FC3F1EC268BF9FB0075B9D3 /* Build configuration list for PBXProject "newsapp" */;
			compatibilityVersion = "Xcode 9.3";
			developmentRegion = en;
			hasScannedForEncodings = 0;
			knownRegions = (
				en,
				Base,
			);
			mainGroup = 2FC3F1E8268BF9FB0075B9D3;
			productRefGroup = 2FC3F1F2268BF9FB0075B9D3 /* Products */;
			projectDirPath = "";
			projectRoot = "";
			targets = (
				2FC3F1F0268BF9FB0075B9D3 /* newsapp */,
				2FC3F206268BFA000075B9D3 /* newsappTests */,
				2FC3F211268BFA000075B9D3 /* newsappUITests */,
			);
		};
/* End PBXProject section */

/* Begin PBXResourcesBuildPhase section */
		2FC3F1EF268BF9FB0075B9D3 /* Resources */ = {
			isa = PBXResourcesBuildPhase;
			buildActionMask = 2147483647;
			files = (
				2FC3F201268BFA000075B9D3 /* LaunchScreen.storyboard in Resources */,
				2FC3F1FE268BFA000075B9D3 /* Assets.xcassets in Resources */,
				2FC3F1FC268BF9FB0075B9D3 /* Main.storyboard in Resources */,
			);
			runOnlyForDeploymentPostprocessing = 0;
		};
		2FC3F205268BFA000075B9D3 /* Resources */ = {
			isa = PBXResourcesBuildPhase;
			buildActionMask = 2147483647;
			files = (
			);
			runOnlyForDeploymentPostprocessing = 0;
		};
		2FC3F210268BFA000075B9D3 /* Resources */ = {
			isa = PBXResourcesBuildPhase;
			buildActionMask = 2147483647;
			files = (
			);
			runOnlyForDeploymentPostprocessing = 0;
		};
/* End PBXResourcesBuildPhase section */

/* Begin PBXSourcesBuildPhase section */
		2FC3F1ED268BF9FB0075B9D3 /* Sources */ = {
			isa = PBXSourcesBuildPhase;
			buildActionMask = 2147483647;
			files = (
				2FC3F1F5268BF9FB0075B9D3 /* AppDelegate.swift in Sources */,
				D0523279268F761000E2BB38 /* NewsListTableViewController.swift in Sources */,
				D052327C268F7B8700E2BB38 /* WebService.swift in Sources */,
				D0523280268F88BB00E2BB38 /* ArticleViewModel.swift in Sources */,
				2FC3F1F7268BF9FB0075B9D3 /* SceneDelegate.swift in Sources */,
				D0523283268F96FA00E2BB38 /* ArticleTableViewCell.swift in Sources */,
				D052327E268F800C00E2BB38 /* Article.swift in Sources */,
			);
			runOnlyForDeploymentPostprocessing = 0;
		};
		2FC3F203268BFA000075B9D3 /* Sources */ = {
			isa = PBXSourcesBuildPhase;
			buildActionMask = 2147483647;
			files = (
				2FC3F20C268BFA000075B9D3 /* newsappTests.swift in Sources */,
			);
			runOnlyForDeploymentPostprocessing = 0;
		};
		2FC3F20E268BFA000075B9D3 /* Sources */ = {
			isa = PBXSourcesBuildPhase;
			buildActionMask = 2147483647;
			files = (
				2FC3F217268BFA000075B9D3 /* newsappUITests.swift in Sources */,
			);
			runOnlyForDeploymentPostprocessing = 0;
		};
/* End PBXSourcesBuildPhase section */

/* Begin PBXTargetDependency section */
		2FC3F209268BFA000075B9D3 /* PBXTargetDependency */ = {
			isa = PBXTargetDependency;
			target = 2FC3F1F0268BF9FB0075B9D3 /* newsapp */;
			targetProxy = 2FC3F208268BFA000075B9D3 /* PBXContainerItemProxy */;
		};
		2FC3F214268BFA000075B9D3 /* PBXTargetDependency */ = {
			isa = PBXTargetDependency;
			target = 2FC3F1F0268BF9FB0075B9D3 /* newsapp */;
			targetProxy = 2FC3F213268BFA000075B9D3 /* PBXContainerItemProxy */;
		};
/* End PBXTargetDependency section */

/* Begin PBXVariantGroup section */
		2FC3F1FA268BF9FB0075B9D3 /* Main.storyboard */ = {
			isa = PBXVariantGroup;
			children = (
				2FC3F1FB268BF9FB0075B9D3 /* Base */,
			);
			name = Main.storyboard;
			sourceTree = "<group>";
		};
		2FC3F1FF268BFA000075B9D3 /* LaunchScreen.storyboard */ = {
			isa = PBXVariantGroup;
			children = (
				2FC3F200268BFA000075B9D3 /* Base */,
			);
			name = LaunchScreen.storyboard;
			sourceTree = "<group>";
		};
/* End PBXVariantGroup section */

/* Begin XCBuildConfiguration section */
		2FC3F219268BFA000075B9D3 /* Debug */ = {
			isa = XCBuildConfiguration;
			buildSettings = {
				ALWAYS_SEARCH_USER_PATHS = NO;
				CLANG_ANALYZER_NONNULL = YES;
				CLANG_ANALYZER_NUMBER_OBJECT_CONVERSION = YES_AGGRESSIVE;
				CLANG_CXX_LANGUAGE_STANDARD = "gnu++14";
				CLANG_CXX_LIBRARY = "libc++";
				CLANG_ENABLE_MODULES = YES;
				CLANG_ENABLE_OBJC_ARC = YES;
				CLANG_ENABLE_OBJC_WEAK = YES;
				CLANG_WARN_BLOCK_CAPTURE_AUTORELEASING = YES;
				CLANG_WARN_BOOL_CONVERSION = YES;
				CLANG_WARN_COMMA = YES;
				CLANG_WARN_CONSTANT_CONVERSION = YES;
				CLANG_WARN_DEPRECATED_OBJC_IMPLEMENTATIONS = YES;
				CLANG_WARN_DIRECT_OBJC_ISA_USAGE = YES_ERROR;
				CLANG_WARN_DOCUMENTATION_COMMENTS = YES;
				CLANG_WARN_EMPTY_BODY = YES;
				CLANG_WARN_ENUM_CONVERSION = YES;
				CLANG_WARN_INFINITE_RECURSION = YES;
				CLANG_WARN_INT_CONVERSION = YES;
				CLANG_WARN_NON_LITERAL_NULL_CONVERSION = YES;
				CLANG_WARN_OBJC_IMPLICIT_RETAIN_SELF = YES;
				CLANG_WARN_OBJC_LITERAL_CONVERSION = YES;
				CLANG_WARN_OBJC_ROOT_CLASS = YES_ERROR;
				CLANG_WARN_QUOTED_INCLUDE_IN_FRAMEWORK_HEADER = YES;
				CLANG_WARN_RANGE_LOOP_ANALYSIS = YES;
				CLANG_WARN_STRICT_PROTOTYPES = YES;
				CLANG_WARN_SUSPICIOUS_MOVE = YES;
				CLANG_WARN_UNGUARDED_AVAILABILITY = YES_AGGRESSIVE;
				CLANG_WARN_UNREACHABLE_CODE = YES;
				CLANG_WARN__DUPLICATE_METHOD_MATCH = YES;
				COPY_PHASE_STRIP = NO;
				DEBUG_INFORMATION_FORMAT = dwarf;
				ENABLE_STRICT_OBJC_MSGSEND = YES;
				ENABLE_TESTABILITY = YES;
				GCC_C_LANGUAGE_STANDARD = gnu11;
				GCC_DYNAMIC_NO_PIC = NO;
				GCC_NO_COMMON_BLOCKS = YES;
				GCC_OPTIMIZATION_LEVEL = 0;
				GCC_PREPROCESSOR_DEFINITIONS = (
					"DEBUG=1",
					"$(inherited)",
				);
				GCC_WARN_64_TO_32_BIT_CONVERSION = YES;
				GCC_WARN_ABOUT_RETURN_TYPE = YES_ERROR;
				GCC_WARN_UNDECLARED_SELECTOR = YES;
				GCC_WARN_UNINITIALIZED_AUTOS = YES_AGGRESSIVE;
				GCC_WARN_UNUSED_FUNCTION = YES;
				GCC_WARN_UNUSED_VARIABLE = YES;
				IPHONEOS_DEPLOYMENT_TARGET = 14.5;
				MTL_ENABLE_DEBUG_INFO = INCLUDE_SOURCE;
				MTL_FAST_MATH = YES;
				ONLY_ACTIVE_ARCH = YES;
				SDKROOT = iphoneos;
				SWIFT_ACTIVE_COMPILATION_CONDITIONS = DEBUG;
				SWIFT_OPTIMIZATION_LEVEL = "-Onone";
			};
			name = Debug;
		};
		2FC3F21A268BFA000075B9D3 /* Release */ = {
			isa = XCBuildConfiguration;
			buildSettings = {
				ALWAYS_SEARCH_USER_PATHS = NO;
				CLANG_ANALYZER_NONNULL = YES;
				CLANG_ANALYZER_NUMBER_OBJECT_CONVERSION = YES_AGGRESSIVE;
				CLANG_CXX_LANGUAGE_STANDARD = "gnu++14";
				CLANG_CXX_LIBRARY = "libc++";
				CLANG_ENABLE_MODULES = YES;
				CLANG_ENABLE_OBJC_ARC = YES;
				CLANG_ENABLE_OBJC_WEAK = YES;
				CLANG_WARN_BLOCK_CAPTURE_AUTORELEASING = YES;
				CLANG_WARN_BOOL_CONVERSION = YES;
				CLANG_WARN_COMMA = YES;
				CLANG_WARN_CONSTANT_CONVERSION = YES;
				CLANG_WARN_DEPRECATED_OBJC_IMPLEMENTATIONS = YES;
				CLANG_WARN_DIRECT_OBJC_ISA_USAGE = YES_ERROR;
				CLANG_WARN_DOCUMENTATION_COMMENTS = YES;
				CLANG_WARN_EMPTY_BODY = YES;
				CLANG_WARN_ENUM_CONVERSION = YES;
				CLANG_WARN_INFINITE_RECURSION = YES;
				CLANG_WARN_INT_CONVERSION = YES;
				CLANG_WARN_NON_LITERAL_NULL_CONVERSION = YES;
				CLANG_WARN_OBJC_IMPLICIT_RETAIN_SELF = YES;
				CLANG_WARN_OBJC_LITERAL_CONVERSION = YES;
				CLANG_WARN_OBJC_ROOT_CLASS = YES_ERROR;
				CLANG_WARN_QUOTED_INCLUDE_IN_FRAMEWORK_HEADER = YES;
				CLANG_WARN_RANGE_LOOP_ANALYSIS = YES;
				CLANG_WARN_STRICT_PROTOTYPES = YES;
				CLANG_WARN_SUSPICIOUS_MOVE = YES;
				CLANG_WARN_UNGUARDED_AVAILABILITY = YES_AGGRESSIVE;
				CLANG_WARN_UNREACHABLE_CODE = YES;
				CLANG_WARN__DUPLICATE_METHOD_MATCH = YES;
				COPY_PHASE_STRIP = NO;
				DEBUG_INFORMATION_FORMAT = "dwarf-with-dsym";
				ENABLE_NS_ASSERTIONS = NO;
				ENABLE_STRICT_OBJC_MSGSEND = YES;
				GCC_C_LANGUAGE_STANDARD = gnu11;
				GCC_NO_COMMON_BLOCKS = YES;
				GCC_WARN_64_TO_32_BIT_CONVERSION = YES;
				GCC_WARN_ABOUT_RETURN_TYPE = YES_ERROR;
				GCC_WARN_UNDECLARED_SELECTOR = YES;
				GCC_WARN_UNINITIALIZED_AUTOS = YES_AGGRESSIVE;
				GCC_WARN_UNUSED_FUNCTION = YES;
				GCC_WARN_UNUSED_VARIABLE = YES;
				IPHONEOS_DEPLOYMENT_TARGET = 14.5;
				MTL_ENABLE_DEBUG_INFO = NO;
				MTL_FAST_MATH = YES;
				SDKROOT = iphoneos;
				SWIFT_COMPILATION_MODE = wholemodule;
				SWIFT_OPTIMIZATION_LEVEL = "-O";
				VALIDATE_PRODUCT = YES;
			};
			name = Release;
		};
		2FC3F21C268BFA000075B9D3 /* Debug */ = {
			isa = XCBuildConfiguration;
			buildSettings = {
				ASSETCATALOG_COMPILER_APPICON_NAME = AppIcon;
				ASSETCATALOG_COMPILER_GLOBAL_ACCENT_COLOR_NAME = AccentColor;
				CODE_SIGN_STYLE = Automatic;
				DEVELOPMENT_TEAM = 56FWNKLNHX;
				INFOPLIST_FILE = newsapp/Info.plist;
				LD_RUNPATH_SEARCH_PATHS = (
					"$(inherited)",
					"@executable_path/Frameworks",
				);
				PRODUCT_BUNDLE_IDENTIFIER = com.ikennaudokporo.newsapp.newsapp;
				PRODUCT_NAME = "$(TARGET_NAME)";
				SWIFT_VERSION = 5.0;
				TARGETED_DEVICE_FAMILY = "1,2";
			};
			name = Debug;
		};
		2FC3F21D268BFA000075B9D3 /* Release */ = {
			isa = XCBuildConfiguration;
			buildSettings = {
				ASSETCATALOG_COMPILER_APPICON_NAME = AppIcon;
				ASSETCATALOG_COMPILER_GLOBAL_ACCENT_COLOR_NAME = AccentColor;
				CODE_SIGN_STYLE = Automatic;
				DEVELOPMENT_TEAM = 56FWNKLNHX;
				INFOPLIST_FILE = newsapp/Info.plist;
				LD_RUNPATH_SEARCH_PATHS = (
					"$(inherited)",
					"@executable_path/Frameworks",
				);
				PRODUCT_BUNDLE_IDENTIFIER = com.ikennaudokporo.newsapp.newsapp;
				PRODUCT_NAME = "$(TARGET_NAME)";
				SWIFT_VERSION = 5.0;
				TARGETED_DEVICE_FAMILY = "1,2";
			};
			name = Release;
		};
		2FC3F21F268BFA000075B9D3 /* Debug */ = {
			isa = XCBuildConfiguration;
			buildSettings = {
				ALWAYS_EMBED_SWIFT_STANDARD_LIBRARIES = YES;
				BUNDLE_LOADER = "$(TEST_HOST)";
				CODE_SIGN_STYLE = Automatic;
				DEVELOPMENT_TEAM = 56FWNKLNHX;
				INFOPLIST_FILE = newsappTests/Info.plist;
				IPHONEOS_DEPLOYMENT_TARGET = 14.5;
				LD_RUNPATH_SEARCH_PATHS = (
					"$(inherited)",
					"@executable_path/Frameworks",
					"@loader_path/Frameworks",
				);
				PRODUCT_BUNDLE_IDENTIFIER = com.ikennaudokporo.newsapp.newsappTests;
				PRODUCT_NAME = "$(TARGET_NAME)";
				SWIFT_VERSION = 5.0;
				TARGETED_DEVICE_FAMILY = "1,2";
				TEST_HOST = "$(BUILT_PRODUCTS_DIR)/newsapp.app/newsapp";
			};
			name = Debug;
		};
		2FC3F220268BFA000075B9D3 /* Release */ = {
			isa = XCBuildConfiguration;
			buildSettings = {
				ALWAYS_EMBED_SWIFT_STANDARD_LIBRARIES = YES;
				BUNDLE_LOADER = "$(TEST_HOST)";
				CODE_SIGN_STYLE = Automatic;
				DEVELOPMENT_TEAM = 56FWNKLNHX;
				INFOPLIST_FILE = newsappTests/Info.plist;
				IPHONEOS_DEPLOYMENT_TARGET = 14.5;
				LD_RUNPATH_SEARCH_PATHS = (
					"$(inherited)",
					"@executable_path/Frameworks",
					"@loader_path/Frameworks",
				);
				PRODUCT_BUNDLE_IDENTIFIER = com.ikennaudokporo.newsapp.newsappTests;
				PRODUCT_NAME = "$(TARGET_NAME)";
				SWIFT_VERSION = 5.0;
				TARGETED_DEVICE_FAMILY = "1,2";
				TEST_HOST = "$(BUILT_PRODUCTS_DIR)/newsapp.app/newsapp";
			};
			name = Release;
		};
		2FC3F222268BFA000075B9D3 /* Debug */ = {
			isa = XCBuildConfiguration;
			buildSettings = {
				ALWAYS_EMBED_SWIFT_STANDARD_LIBRARIES = YES;
				CODE_SIGN_STYLE = Automatic;
				DEVELOPMENT_TEAM = 56FWNKLNHX;
				INFOPLIST_FILE = newsappUITests/Info.plist;
				LD_RUNPATH_SEARCH_PATHS = (
					"$(inherited)",
					"@executable_path/Frameworks",
					"@loader_path/Frameworks",
				);
				PRODUCT_BUNDLE_IDENTIFIER = com.ikennaudokporo.newsapp.newsappUITests;
				PRODUCT_NAME = "$(TARGET_NAME)";
				SWIFT_VERSION = 5.0;
				TARGETED_DEVICE_FAMILY = "1,2";
				TEST_TARGET_NAME = newsapp;
			};
			name = Debug;
		};
		2FC3F223268BFA000075B9D3 /* Release */ = {
			isa = XCBuildConfiguration;
			buildSettings = {
				ALWAYS_EMBED_SWIFT_STANDARD_LIBRARIES = YES;
				CODE_SIGN_STYLE = Automatic;
				DEVELOPMENT_TEAM = 56FWNKLNHX;
				INFOPLIST_FILE = newsappUITests/Info.plist;
				LD_RUNPATH_SEARCH_PATHS = (
					"$(inherited)",
					"@executable_path/Frameworks",
					"@loader_path/Frameworks",
				);
				PRODUCT_BUNDLE_IDENTIFIER = com.ikennaudokporo.newsapp.newsappUITests;
				PRODUCT_NAME = "$(TARGET_NAME)";
				SWIFT_VERSION = 5.0;
				TARGETED_DEVICE_FAMILY = "1,2";
				TEST_TARGET_NAME = newsapp;
			};
			name = Release;
		};
/* End XCBuildConfiguration section */

/* Begin XCConfigurationList section */
		2FC3F1EC268BF9FB0075B9D3 /* Build configuration list for PBXProject "newsapp" */ = {
			isa = XCConfigurationList;
			buildConfigurations = (
				2FC3F219268BFA000075B9D3 /* Debug */,
				2FC3F21A268BFA000075B9D3 /* Release */,
			);
			defaultConfigurationIsVisible = 0;
			defaultConfigurationName = Release;
		};
		2FC3F21B268BFA000075B9D3 /* Build configuration list for PBXNativeTarget "newsapp" */ = {
			isa = XCConfigurationList;
			buildConfigurations = (
				2FC3F21C268BFA000075B9D3 /* Debug */,
				2FC3F21D268BFA000075B9D3 /* Release */,
			);
			defaultConfigurationIsVisible = 0;
			defaultConfigurationName = Release;
		};
		2FC3F21E268BFA000075B9D3 /* Build configuration list for PBXNativeTarget "newsappTests" */ = {
			isa = XCConfigurationList;
			buildConfigurations = (
				2FC3F21F268BFA000075B9D3 /* Debug */,
				2FC3F220268BFA000075B9D3 /* Release */,
			);
			defaultConfigurationIsVisible = 0;
			defaultConfigurationName = Release;
		};
		2FC3F221268BFA000075B9D3 /* Build configuration list for PBXNativeTarget "newsappUITests" */ = {
			isa = XCConfigurationList;
			buildConfigurations = (
				2FC3F222268BFA000075B9D3 /* Debug */,
				2FC3F223268BFA000075B9D3 /* Release */,
			);
			defaultConfigurationIsVisible = 0;
			defaultConfigurationName = Release;
		};
/* End XCConfigurationList section */
	};
	rootObject = 2FC3F1E9268BF9FB0075B9D3 /* Project object */;
}
